schema: '2.0'
stages:
  prepare:
    cmd: python -m src.data
    deps:
    - path: data/raw/churn_sintetico.csv
      hash: md5
      md5: b8541379ed614873c48ec17bded142ac
      size: 342760
    - path: src/data.py
      hash: md5
      md5: 1be5bb7424a8674f66041611899439c6
      size: 3949
    - path: src/features.py
      hash: md5
      md5: 719d041fa2d1efdec0490156153eca73
      size: 10977
    params:
      params.yaml:
        split.random_seed: 42
        split.test_size: 0.2
        split.val_size: 0.2
  train:
    cmd: python -m src.train
    deps:
    - path: data/raw/churn_sintetico.csv
      hash: md5
      md5: b8541379ed614873c48ec17bded142ac
      size: 342760
    - path: src/data.py
      hash: md5
      md5: 1be5bb7424a8674f66041611899439c6
      size: 3949
    - path: src/features.py
      hash: md5
      md5: 719d041fa2d1efdec0490156153eca73
      size: 10977
    - path: src/train.py
      hash: md5
      md5: 37dc92a40588356ffc99b7497c59a7da
      size: 12135
    params:
      params.yaml:
        split.random_seed: 42
        train.max_depth: 12
        train.n_estimators: 200
    outs:
    - path: models/churn_model_v2.joblib
      hash: md5
      md5: aead04a67f826b4ecd980ca93838c6d2
      size: 7175
    - path: reports/train_metrics.json
      hash: md5
      md5: b7d6a2f77cda560dd5f013134c74051a
      size: 915
  evaluate:
    cmd: python -m src.evaluate
    deps:
    - path: models/churn_model_v2.joblib
      hash: md5
      md5: aead04a67f826b4ecd980ca93838c6d2
      size: 7175
    - path: src/data.py
      hash: md5
      md5: 1be5bb7424a8674f66041611899439c6
      size: 3949
    - path: src/evaluate.py
      hash: md5
      md5: 5d6735898f7a384352ef6f0527c401a3
      size: 7860
    outs:
    - path: reports/eda_07_evaluation_test.png
      hash: md5
      md5: 860c0e0daef25074574352617c73aa9f
      size: 138793
    - path: reports/test_metrics.json
      hash: md5
      md5: eec62f1ce670afd0c83c981b2e3b83c2
      size: 268
