schema: '2.0'
stages:
  prepare:
    cmd: python -m src.data
    deps:
    - path: data/raw/churn_sintetico.csv
      hash: md5
      md5: b8541379ed614873c48ec17bded142ac
      size: 342760
    - path: src/data.py
      hash: md5
      md5: 27323c1dcaefef076de13832e689c019
      size: 3975
    - path: src/features.py
      hash: md5
      md5: d9c45cd546c96e93205adab06e9dfed9
      size: 8454
    params:
      params.yaml:
        split.random_seed: 42
        split.test_size: 0.2
        split.val_size: 0.2
  train:
    cmd: python -m src.train
    deps:
    - path: data/raw/churn_sintetico.csv
      hash: md5
      md5: b8541379ed614873c48ec17bded142ac
      size: 342760
    - path: src/data.py
      hash: md5
      md5: 27323c1dcaefef076de13832e689c019
      size: 3975
    - path: src/features.py
      hash: md5
      md5: d9c45cd546c96e93205adab06e9dfed9
      size: 8454
    - path: src/train.py
      hash: md5
      md5: 1efaeeefeab0ad0255a7edc18e88c3f3
      size: 10906
    params:
      params.yaml:
        split.random_seed: 42
        train.max_depth: 12
        train.n_estimators: 200
    outs:
    - path: models/churn_model_v1.joblib
      hash: md5
      md5: 565ab5c77611dfc9c35050981331ecbd
      size: 7379256
    - path: reports/train_metrics.json
      hash: md5
      md5: a72e8b4c53d3ca48529daba672555cbf
      size: 519
  evaluate:
    cmd: python -m src.evaluate
    deps:
    - path: models/churn_model_v1.joblib
      hash: md5
      md5: 565ab5c77611dfc9c35050981331ecbd
      size: 7379256
    - path: src/data.py
      hash: md5
      md5: 27323c1dcaefef076de13832e689c019
      size: 3975
    - path: src/evaluate.py
      hash: md5
      md5: 1dd4c4f03608a50cc0f796aca532953a
      size: 7715
    outs:
    - path: reports/eda_07_evaluation_test.png
      hash: md5
      md5: e5529d7ac7a66f01af9e78c0a01b6ea5
      size: 136713
    - path: reports/test_metrics.json
      hash: md5
      md5: c61c2a3cdb873e023b7d667b8e47103d
      size: 274
